{
  "object": {
    "pins": [
      {
        "package": "CrossKitTypes",
        "repositoryURL": "https://github.com/RougeWare/Swift-Cross-Kit-Types.git",
        "state": {
          "branch": null,
          "revision": "d64faa8d5e988352dff45e03a13da4f90c3a70e5",
          "version": "1.0.0"
        }
      },
      {
        "package": "Swift Drawing Tools",
        "repositoryURL": "https://github.com/BenLeggiero/Swift-Drawing-Tools.git",
        "state": {
          "branch": "feature/MVP",
          "revision": "185225c89b6fd43fcbba8572bed1ccccabab607a",
          "version": null
        }
      },
      {
        "package": "SwiftImage",
        "repositoryURL": "https://github.com/koher/swift-image.git",
        "state": {
          "branch": null,
          "revision": "c61b8cf4613a7fc80d1c2a84231cef2909e837a1",
          "version": "0.7.1"
        }
      },
      {
        "package": "MultiplicativeArithmetic",
        "repositoryURL": "https://github.com/RougeWare/Swift-MultiplicativeArithmetic.git",
        "state": {
          "branch": null,
          "revision": "38eee08151bbbefbbb422d02ff2c8da1a8b8bfe1",
          "version": "1.3.0"
        }
      },
      {
        "package": "OptionalTools",
        "repositoryURL": "https://github.com/RougeWare/Swift-Optional-Tools.git",
        "state": {
          "branch": null,
          "revision": "8647336830e25b40e377171fa0f2e3db56d55175",
          "version": "1.1.2"
        }
      },
      {
        "package": "RectangleTools",
        "repositoryURL": "https://github.com/RougeWare/Swift-Rectangle-Tools.git",
        "state": {
          "branch": null,
          "revision": "0bc598fb555e9b7d0569e31a2c5b1b2fb84aab84",
          "version": "2.6.0"
        }
      }
    ]
  },
  "version": 1
}
